# THIS IS AN AUTOGENERATED FILE. DO NOT EDIT THIS FILE DIRECTLY.
# yarn lockfile v1


solid-js@^1.4.7:
  version "1.4.7"
  resolved "https://registry.yarnpkg.com/solid-js/-/solid-js-1.4.7.tgz#c174199c9248bcdceb66fa1b216348eef4541dfe"
  integrity sha512-u3hoe5w3xseAc/8zLwYaQVGanWXknMMQkzryNz7lOPy2ygW6DhCtfMseun4kLflRNRzrUUpTV3W5p7j2SGcHCQ==
